
Microsoft Visual Studio Solution File, Format Version 12.00
# Visual Studio 2015
Project("{FAE04EC0-301F-11D3-BF4B-00C04F79EFBC}") = "Simple3DGame.CSharp.Plugins", "Simple3DGame.CSharp.Plugins.csproj", "{434DDD77-5D10-955C-80CE-44C3D69FC91C}"
EndProject
Project("{FAE04EC0-301F-11D3-BF4B-00C04F79EFBC}") = "Simple3DGame.CSharp", "Simple3DGame.CSharp.csproj", "{581115E9-AB95-E096-C7B0-5EE66AFAEAA7}"
EndProject
Project("{FAE04EC0-301F-11D3-BF4B-00C04F79EFBC}") = "Simple3DGame.CSharp.Editor", "Simple3DGame.CSharp.Editor.csproj", "{BBF47D40-1994-217F-B015-D585178F44BB}"
EndProject
Global
	GlobalSection(SolutionConfigurationPlatforms) = preSolution
		Debug|Any CPU = Debug|Any CPU
		Release|Any CPU = Release|Any CPU
	EndGlobalSection
	GlobalSection(ProjectConfigurationPlatforms) = postSolution
		{434DDD77-5D10-955C-80CE-44C3D69FC91C}.Debug|Any CPU.ActiveCfg = Debug|Any CPU
		{434DDD77-5D10-955C-80CE-44C3D69FC91C}.Debug|Any CPU.Build.0 = Debug|Any CPU
		{434DDD77-5D10-955C-80CE-44C3D69FC91C}.Release|Any CPU.ActiveCfg = Release|Any CPU
		{434DDD77-5D10-955C-80CE-44C3D69FC91C}.Release|Any CPU.Build.0 = Release|Any CPU
		{581115E9-AB95-E096-C7B0-5EE66AFAEAA7}.Debug|Any CPU.ActiveCfg = Debug|Any CPU
		{581115E9-AB95-E096-C7B0-5EE66AFAEAA7}.Debug|Any CPU.Build.0 = Debug|Any CPU
		{581115E9-AB95-E096-C7B0-5EE66AFAEAA7}.Release|Any CPU.ActiveCfg = Release|Any CPU
		{581115E9-AB95-E096-C7B0-5EE66AFAEAA7}.Release|Any CPU.Build.0 = Release|Any CPU
		{BBF47D40-1994-217F-B015-D585178F44BB}.Debug|Any CPU.ActiveCfg = Debug|Any CPU
		{BBF47D40-1994-217F-B015-D585178F44BB}.Debug|Any CPU.Build.0 = Debug|Any CPU
		{BBF47D40-1994-217F-B015-D585178F44BB}.Release|Any CPU.ActiveCfg = Release|Any CPU
		{BBF47D40-1994-217F-B015-D585178F44BB}.Release|Any CPU.Build.0 = Release|Any CPU
	EndGlobalSection
	GlobalSection(SolutionProperties) = preSolution
		HideSolutionNode = FALSE
	EndGlobalSection
EndGlobal
